// !$*UTF8*$!
{
	archiveVersion = 1;
	classes = {
	};
	objectVersion = 50;
	objects = {

/* Begin PBXBuildFile section */
		10C8BC3A2698ED120083BB30 /* AppDelegate.swift in Sources */ = {isa = PBXBuildFile; fileRef = 10C8BC392698ED120083BB30 /* AppDelegate.swift */; };
		10C8BC3C2698ED120083BB30 /* SceneDelegate.swift in Sources */ = {isa = PBXBuildFile; fileRef = 10C8BC3B2698ED120083BB30 /* SceneDelegate.swift */; };
		10C8BC3E2698ED120083BB30 /* MyView.swift in Sources */ = {isa = PBXBuildFile; fileRef = 10C8BC3D2698ED120083BB30 /* MyView.swift */; };
		10C8BC412698ED120083BB30 /* Main.storyboard in Resources */ = {isa = PBXBuildFile; fileRef = 10C8BC3F2698ED120083BB30 /* Main.storyboard */; };
		10C8BC432698ED180083BB30 /* Assets.xcassets in Resources */ = {isa = PBXBuildFile; fileRef = 10C8BC422698ED180083BB30 /* Assets.xcassets */; };
		10C8BC462698ED180083BB30 /* LaunchScreen.storyboard in Resources */ = {isa = PBXBuildFile; fileRef = 10C8BC442698ED180083BB30 /* LaunchScreen.storyboard */; };
		10C8BC512698ED430083BB30 /* Person.swift in Sources */ = {isa = PBXBuildFile; fileRef = 10C8BC502698ED430083BB30 /* Person.swift */; };
		10C8BC592698EE250083BB30 /* MyViewController.swift in Sources */ = {isa = PBXBuildFile; fileRef = 10C8BC582698EE250083BB30 /* MyViewController.swift */; };
/* End PBXBuildFile section */

/* Begin PBXFileReference section */
		10C8BC362698ED120083BB30 /* MVC.app */ = {isa = PBXFileReference; explicitFileType = wrapper.application; includeInIndex = 0; path = MVC.app; sourceTree = BUILT_PRODUCTS_DIR; };
		10C8BC392698ED120083BB30 /* AppDelegate.swift */ = {isa = PBXFileReference; lastKnownFileType = sourcecode.swift; path = AppDelegate.swift; sourceTree = "<group>"; };
		10C8BC3B2698ED120083BB30 /* SceneDelegate.swift */ = {isa = PBXFileReference; lastKnownFileType = sourcecode.swift; path = SceneDelegate.swift; sourceTree = "<group>"; };
		10C8BC3D2698ED120083BB30 /* MyView.swift */ = {isa = PBXFileReference; lastKnownFileType = sourcecode.swift; path = MyView.swift; sourceTree = "<group>"; };
		10C8BC402698ED120083BB30 /* Base */ = {isa = PBXFileReference; lastKnownFileType = file.storyboard; name = Base; path = Base.lproj/Main.storyboard; sourceTree = "<group>"; };
		10C8BC422698ED180083BB30 /* Assets.xcassets */ = {isa = PBXFileReference; lastKnownFileType = folder.assetcatalog; path = Assets.xcassets; sourceTree = "<group>"; };
		10C8BC452698ED180083BB30 /* Base */ = {isa = PBXFileReference; lastKnownFileType = file.storyboard; name = Base; path = Base.lproj/LaunchScreen.storyboard; sourceTree = "<group>"; };
		10C8BC472698ED180083BB30 /* Info.plist */ = {isa = PBXFileReference; lastKnownFileType = text.plist.xml; path = Info.plist; sourceTree = "<group>"; };
		10C8BC502698ED430083BB30 /* Person.swift */ = {isa = PBXFileReference; lastKnownFileType = sourcecode.swift; path = Person.swift; sourceTree = "<group>"; };
		10C8BC582698EE250083BB30 /* MyViewController.swift */ = {isa = PBXFileReference; lastKnownFileType = sourcecode.swift; path = MyViewController.swift; sourceTree = "<group>"; };
/* End PBXFileReference section */

/* Begin PBXFrameworksBuildPhase section */
		10C8BC332698ED120083BB30 /* Frameworks */ = {
			isa = PBXFrameworksBuildPhase;
			buildActionMask = 2147483647;
			files = (
			);
			runOnlyForDeploymentPostprocessing = 0;
		};
/* End PBXFrameworksBuildPhase section */

/* Begin PBXGroup section */
		10C8BC2D2698ED120083BB30 = {
			isa = PBXGroup;
			children = (
				10C8BC382698ED120083BB30 /* MVC */,
				10C8BC372698ED120083BB30 /* Products */,
			);
			sourceTree = "<group>";
		};
		10C8BC372698ED120083BB30 /* Products */ = {
			isa = PBXGroup;
			children = (
				10C8BC362698ED120083BB30 /* MVC.app */,
			);
			name = Products;
			sourceTree = "<group>";
		};
		10C8BC382698ED120083BB30 /* MVC */ = {
			isa = PBXGroup;
			children = (
				10C8BC4E2698ED270083BB30 /* Models */,
				10C8BC532698ED5E0083BB30 /* AppDelegate */,
				10C8BC542698ED870083BB30 /* Views */,
				10C8BC562698EDA50083BB30 /* Controllers */,
				10C8BC572698EDC00083BB30 /* Resources */,
				10C8BC472698ED180083BB30 /* Info.plist */,
			);
			path = MVC;
			sourceTree = "<group>";
		};
		10C8BC4E2698ED270083BB30 /* Models */ = {
			isa = PBXGroup;
			children = (
				10C8BC502698ED430083BB30 /* Person.swift */,
			);
			path = Models;
			sourceTree = "<group>";
		};
		10C8BC532698ED5E0083BB30 /* AppDelegate */ = {
			isa = PBXGroup;
			children = (
				10C8BC392698ED120083BB30 /* AppDelegate.swift */,
				10C8BC3B2698ED120083BB30 /* SceneDelegate.swift */,
			);
			name = AppDelegate;
			sourceTree = "<group>";
		};
		10C8BC542698ED870083BB30 /* Views */ = {
			isa = PBXGroup;
			children = (
				10C8BC3F2698ED120083BB30 /* Main.storyboard */,
				10C8BC442698ED180083BB30 /* LaunchScreen.storyboard */,
				10C8BC3D2698ED120083BB30 /* MyView.swift */,
			);
			path = Views;
			sourceTree = "<group>";
		};
		10C8BC562698EDA50083BB30 /* Controllers */ = {
			isa = PBXGroup;
			children = (
				10C8BC582698EE250083BB30 /* MyViewController.swift */,
			);
			path = Controllers;
			sourceTree = "<group>";
		};
		10C8BC572698EDC00083BB30 /* Resources */ = {
			isa = PBXGroup;
			children = (
				10C8BC422698ED180083BB30 /* Assets.xcassets */,
			);
			path = Resources;
			sourceTree = "<group>";
		};
/* End PBXGroup section */

/* Begin PBXNativeTarget section */
		10C8BC352698ED120083BB30 /* MVC */ = {
			isa = PBXNativeTarget;
			buildConfigurationList = 10C8BC4A2698ED180083BB30 /* Build configuration list for PBXNativeTarget "MVC" */;
			buildPhases = (
				10C8BC322698ED120083BB30 /* Sources */,
				10C8BC332698ED120083BB30 /* Frameworks */,
				10C8BC342698ED120083BB30 /* Resources */,
			);
			buildRules = (
			);
			dependencies = (
			);
			name = MVC;
			productName = MVC;
			productReference = 10C8BC362698ED120083BB30 /* MVC.app */;
			productType = "com.apple.product-type.application";
		};
/* End PBXNativeTarget section */

/* Begin PBXProject section */
		10C8BC2E2698ED120083BB30 /* Project object */ = {
			isa = PBXProject;
			attributes = {
				LastSwiftUpdateCheck = 1240;
				LastUpgradeCheck = 1240;
				TargetAttributes = {
					10C8BC352698ED120083BB30 = {
						CreatedOnToolsVersion = 12.4;
					};
				};
			};
			buildConfigurationList = 10C8BC312698ED120083BB30 /* Build configuration list for PBXProject "MVC" */;
			compatibilityVersion = "Xcode 9.3";
			developmentRegion = en;
			hasScannedForEncodings = 0;
			knownRegions = (
				en,
				Base,
			);
			mainGroup = 10C8BC2D2698ED120083BB30;
			productRefGroup = 10C8BC372698ED120083BB30 /* Products */;
			projectDirPath = "";
			projectRoot = "";
			targets = (
				10C8BC352698ED120083BB30 /* MVC */,
			);
		};
/* End PBXProject section */

/* Begin PBXResourcesBuildPhase section */
		10C8BC342698ED120083BB30 /* Resources */ = {
			isa = PBXResourcesBuildPhase;
			buildActionMask = 2147483647;
			files = (
				10C8BC462698ED180083BB30 /* LaunchScreen.storyboard in Resources */,
				10C8BC432698ED180083BB30 /* Assets.xcassets in Resources */,
				10C8BC412698ED120083BB30 /* Main.storyboard in Resources */,
			);
			runOnlyForDeploymentPostprocessing = 0;
		};
/* End PBXResourcesBuildPhase section */

/* Begin PBXSourcesBuildPhase section */
		10C8BC322698ED120083BB30 /* Sources */ = {
			isa = PBXSourcesBuildPhase;
			buildActionMask = 2147483647;
			files = (
				10C8BC3E2698ED120083BB30 /* MyView.swift in Sources */,
				10C8BC3A2698ED120083BB30 /* AppDelegate.swift in Sources */,
				10C8BC512698ED430083BB30 /* Person.swift in Sources */,
				10C8BC592698EE250083BB30 /* MyViewController.swift in Sources */,
				10C8BC3C2698ED120083BB30 /* SceneDelegate.swift in Sources */,
			);
			runOnlyForDeploymentPostprocessing = 0;
		};
/* End PBXSourcesBuildPhase section */

/* Begin PBXVariantGroup section */
		10C8BC3F2698ED120083BB30 /* Main.storyboard */ = {
			isa = PBXVariantGroup;
			children = (
				10C8BC402698ED120083BB30 /* Base */,
			);
			name = Main.storyboard;
			sourceTree = "<group>";
		};
		10C8BC442698ED180083BB30 /* LaunchScreen.storyboard */ = {
			isa = PBXVariantGroup;
			children = (
				10C8BC452698ED180083BB30 /* Base */,
			);
			name = LaunchScreen.storyboard;
			sourceTree = "<group>";
		};
/* End PBXVariantGroup section */

/* Begin XCBuildConfiguration section */
		10C8BC482698ED180083BB30 /* Debug */ = {
			isa = XCBuildConfiguration;
			buildSettings = {
				ALWAYS_SEARCH_USER_PATHS = NO;
				CLANG_ANALYZER_NONNULL = YES;
				CLANG_ANALYZER_NUMBER_OBJECT_CONVERSION = YES_AGGRESSIVE;
				CLANG_CXX_LANGUAGE_STANDARD = "gnu++14";
				CLANG_CXX_LIBRARY = "libc++";
				CLANG_ENABLE_MODULES = YES;
				CLANG_ENABLE_OBJC_ARC = YES;
				CLANG_ENABLE_OBJC_WEAK = YES;
				CLANG_WARN_BLOCK_CAPTURE_AUTORELEASING = YES;
				CLANG_WARN_BOOL_CONVERSION = YES;
				CLANG_WARN_COMMA = YES;
				CLANG_WARN_CONSTANT_CONVERSION = YES;
				CLANG_WARN_DEPRECATED_OBJC_IMPLEMENTATIONS = YES;
				CLANG_WARN_DIRECT_OBJC_ISA_USAGE = YES_ERROR;
				CLANG_WARN_DOCUMENTATION_COMMENTS = YES;
				CLANG_WARN_EMPTY_BODY = YES;
				CLANG_WARN_ENUM_CONVERSION = YES;
				CLANG_WARN_INFINITE_RECURSION = YES;
				CLANG_WARN_INT_CONVERSION = YES;
				CLANG_WARN_NON_LITERAL_NULL_CONVERSION = YES;
				CLANG_WARN_OBJC_IMPLICIT_RETAIN_SELF = YES;
				CLANG_WARN_OBJC_LITERAL_CONVERSION = YES;
				CLANG_WARN_OBJC_ROOT_CLASS = YES_ERROR;
				CLANG_WARN_QUOTED_INCLUDE_IN_FRAMEWORK_HEADER = YES;
				CLANG_WARN_RANGE_LOOP_ANALYSIS = YES;
				CLANG_WARN_STRICT_PROTOTYPES = YES;
				CLANG_WARN_SUSPICIOUS_MOVE = YES;
				CLANG_WARN_UNGUARDED_AVAILABILITY = YES_AGGRESSIVE;
				CLANG_WARN_UNREACHABLE_CODE = YES;
				CLANG_WARN__DUPLICATE_METHOD_MATCH = YES;
				COPY_PHASE_STRIP = NO;
				DEBUG_INFORMATION_FORMAT = dwarf;
				ENABLE_STRICT_OBJC_MSGSEND = YES;
				ENABLE_TESTABILITY = YES;
				GCC_C_LANGUAGE_STANDARD = gnu11;
				GCC_DYNAMIC_NO_PIC = NO;
				GCC_NO_COMMON_BLOCKS = YES;
				GCC_OPTIMIZATION_LEVEL = 0;
				GCC_PREPROCESSOR_DEFINITIONS = (
					"DEBUG=1",
					"$(inherited)",
				);
				GCC_WARN_64_TO_32_BIT_CONVERSION = YES;
				GCC_WARN_ABOUT_RETURN_TYPE = YES_ERROR;
				GCC_WARN_UNDECLARED_SELECTOR = YES;
				GCC_WARN_UNINITIALIZED_AUTOS = YES_AGGRESSIVE;
				GCC_WARN_UNUSED_FUNCTION = YES;
				GCC_WARN_UNUSED_VARIABLE = YES;
				IPHONEOS_DEPLOYMENT_TARGET = 14.4;
				MTL_ENABLE_DEBUG_INFO = INCLUDE_SOURCE;
				MTL_FAST_MATH = YES;
				ONLY_ACTIVE_ARCH = YES;
				SDKROOT = iphoneos;
				SWIFT_ACTIVE_COMPILATION_CONDITIONS = DEBUG;
				SWIFT_OPTIMIZATION_LEVEL = "-Onone";
			};
			name = Debug;
		};
		10C8BC492698ED180083BB30 /* Release */ = {
			isa = XCBuildConfiguration;
			buildSettings = {
				ALWAYS_SEARCH_USER_PATHS = NO;
				CLANG_ANALYZER_NONNULL = YES;
				CLANG_ANALYZER_NUMBER_OBJECT_CONVERSION = YES_AGGRESSIVE;
				CLANG_CXX_LANGUAGE_STANDARD = "gnu++14";
				CLANG_CXX_LIBRARY = "libc++";
				CLANG_ENABLE_MODULES = YES;
				CLANG_ENABLE_OBJC_ARC = YES;
				CLANG_ENABLE_OBJC_WEAK = YES;
				CLANG_WARN_BLOCK_CAPTURE_AUTORELEASING = YES;
				CLANG_WARN_BOOL_CONVERSION = YES;
				CLANG_WARN_COMMA = YES;
				CLANG_WARN_CONSTANT_CONVERSION = YES;
				CLANG_WARN_DEPRECATED_OBJC_IMPLEMENTATIONS = YES;
				CLANG_WARN_DIRECT_OBJC_ISA_USAGE = YES_ERROR;
				CLANG_WARN_DOCUMENTATION_COMMENTS = YES;
				CLANG_WARN_EMPTY_BODY = YES;
				CLANG_WARN_ENUM_CONVERSION = YES;
				CLANG_WARN_INFINITE_RECURSION = YES;
				CLANG_WARN_INT_CONVERSION = YES;
				CLANG_WARN_NON_LITERAL_NULL_CONVERSION = YES;
				CLANG_WARN_OBJC_IMPLICIT_RETAIN_SELF = YES;
				CLANG_WARN_OBJC_LITERAL_CONVERSION = YES;
				CLANG_WARN_OBJC_ROOT_CLASS = YES_ERROR;
				CLANG_WARN_QUOTED_INCLUDE_IN_FRAMEWORK_HEADER = YES;
				CLANG_WARN_RANGE_LOOP_ANALYSIS = YES;
				CLANG_WARN_STRICT_PROTOTYPES = YES;
				CLANG_WARN_SUSPICIOUS_MOVE = YES;
				CLANG_WARN_UNGUARDED_AVAILABILITY = YES_AGGRESSIVE;
				CLANG_WARN_UNREACHABLE_CODE = YES;
				CLANG_WARN__DUPLICATE_METHOD_MATCH = YES;
				COPY_PHASE_STRIP = NO;
				DEBUG_INFORMATION_FORMAT = "dwarf-with-dsym";
				ENABLE_NS_ASSERTIONS = NO;
				ENABLE_STRICT_OBJC_MSGSEND = YES;
				GCC_C_LANGUAGE_STANDARD = gnu11;
				GCC_NO_COMMON_BLOCKS = YES;
				GCC_WARN_64_TO_32_BIT_CONVERSION = YES;
				GCC_WARN_ABOUT_RETURN_TYPE = YES_ERROR;
				GCC_WARN_UNDECLARED_SELECTOR = YES;
				GCC_WARN_UNINITIALIZED_AUTOS = YES_AGGRESSIVE;
				GCC_WARN_UNUSED_FUNCTION = YES;
				GCC_WARN_UNUSED_VARIABLE = YES;
				IPHONEOS_DEPLOYMENT_TARGET = 14.4;
				MTL_ENABLE_DEBUG_INFO = NO;
				MTL_FAST_MATH = YES;
				SDKROOT = iphoneos;
				SWIFT_COMPILATION_MODE = wholemodule;
				SWIFT_OPTIMIZATION_LEVEL = "-O";
				VALIDATE_PRODUCT = YES;
			};
			name = Release;
		};
		10C8BC4B2698ED180083BB30 /* Debug */ = {
			isa = XCBuildConfiguration;
			buildSettings = {
				ASSETCATALOG_COMPILER_APPICON_NAME = AppIcon;
				ASSETCATALOG_COMPILER_GLOBAL_ACCENT_COLOR_NAME = AccentColor;
				CODE_SIGN_STYLE = Automatic;
				INFOPLIST_FILE = MVC/Info.plist;
				LD_RUNPATH_SEARCH_PATHS = (
					"$(inherited)",
					"@executable_path/Frameworks",
				);
				PRODUCT_BUNDLE_IDENTIFIER = Muna.MVC;
				PRODUCT_NAME = "$(TARGET_NAME)";
				SWIFT_VERSION = 5.0;
				TARGETED_DEVICE_FAMILY = "1,2";
			};
			name = Debug;
		};
		10C8BC4C2698ED180083BB30 /* Release */ = {
			isa = XCBuildConfiguration;
			buildSettings = {
				ASSETCATALOG_COMPILER_APPICON_NAME = AppIcon;
				ASSETCATALOG_COMPILER_GLOBAL_ACCENT_COLOR_NAME = AccentColor;
				CODE_SIGN_STYLE = Automatic;
				INFOPLIST_FILE = MVC/Info.plist;
				LD_RUNPATH_SEARCH_PATHS = (
					"$(inherited)",
					"@executable_path/Frameworks",
				);
				PRODUCT_BUNDLE_IDENTIFIER = Muna.MVC;
				PRODUCT_NAME = "$(TARGET_NAME)";
				SWIFT_VERSION = 5.0;
				TARGETED_DEVICE_FAMILY = "1,2";
			};
			name = Release;
		};
/* End XCBuildConfiguration section */

/* Begin XCConfigurationList section */
		10C8BC312698ED120083BB30 /* Build configuration list for PBXProject "MVC" */ = {
			isa = XCConfigurationList;
			buildConfigurations = (
				10C8BC482698ED180083BB30 /* Debug */,
				10C8BC492698ED180083BB30 /* Release */,
			);
			defaultConfigurationIsVisible = 0;
			defaultConfigurationName = Release;
		};
		10C8BC4A2698ED180083BB30 /* Build configuration list for PBXNativeTarget "MVC" */ = {
			isa = XCConfigurationList;
			buildConfigurations = (
				10C8BC4B2698ED180083BB30 /* Debug */,
				10C8BC4C2698ED180083BB30 /* Release */,
			);
			defaultConfigurationIsVisible = 0;
			defaultConfigurationName = Release;
		};
/* End XCConfigurationList section */
	};
	rootObject = 10C8BC2E2698ED120083BB30 /* Project object */;
}
